
Microsoft Visual Studio Solution File, Format Version 12.00
# Visual Studio Version 16
VisualStudioVersion = 16.0.31911.196
MinimumVisualStudioVersion = 10.0.40219.1
Project("{9A19103F-16F7-4668-BE54-9A1E7A4F7556}") = "DataAccess", "DataAccess\DataAccess.csproj", "{78F5AEA6-C273-4CA2-8895-5637A519C883}"
EndProject
Project("{9A19103F-16F7-4668-BE54-9A1E7A4F7556}") = "Business", "Business\Business.csproj", "{4A5E4FED-EDC7-4A9D-9B74-AE61EC90AF34}"
EndProject
Project("{9A19103F-16F7-4668-BE54-9A1E7A4F7556}") = "Entities", "Entities\Entities.csproj", "{54F01C2F-A0C8-4A40-92EE-59FDE1D8A15F}"
EndProject
Project("{9A19103F-16F7-4668-BE54-9A1E7A4F7556}") = "ConsoleUI", "ConsoleUI\ConsoleUI.csproj", "{BA05BB40-37D9-4306-A230-22887CBC7948}"
	ProjectSection(ProjectDependencies) = postProject
		{BF1DB190-581A-477A-979F-261F813650E3} = {BF1DB190-581A-477A-979F-261F813650E3}
	EndProjectSection
EndProject
Project("{9A19103F-16F7-4668-BE54-9A1E7A4F7556}") = "Core", "Core\Core.csproj", "{BF1DB190-581A-477A-979F-261F813650E3}"
EndProject
Global
	GlobalSection(SolutionConfigurationPlatforms) = preSolution
		Debug|Any CPU = Debug|Any CPU
		Release|Any CPU = Release|Any CPU
	EndGlobalSection
	GlobalSection(ProjectConfigurationPlatforms) = postSolution
		{78F5AEA6-C273-4CA2-8895-5637A519C883}.Debug|Any CPU.ActiveCfg = Debug|Any CPU
		{78F5AEA6-C273-4CA2-8895-5637A519C883}.Debug|Any CPU.Build.0 = Debug|Any CPU
		{78F5AEA6-C273-4CA2-8895-5637A519C883}.Release|Any CPU.ActiveCfg = Release|Any CPU
		{78F5AEA6-C273-4CA2-8895-5637A519C883}.Release|Any CPU.Build.0 = Release|Any CPU
		{4A5E4FED-EDC7-4A9D-9B74-AE61EC90AF34}.Debug|Any CPU.ActiveCfg = Debug|Any CPU
		{4A5E4FED-EDC7-4A9D-9B74-AE61EC90AF34}.Debug|Any CPU.Build.0 = Debug|Any CPU
		{4A5E4FED-EDC7-4A9D-9B74-AE61EC90AF34}.Release|Any CPU.ActiveCfg = Release|Any CPU
		{4A5E4FED-EDC7-4A9D-9B74-AE61EC90AF34}.Release|Any CPU.Build.0 = Release|Any CPU
		{54F01C2F-A0C8-4A40-92EE-59FDE1D8A15F}.Debug|Any CPU.ActiveCfg = Debug|Any CPU
		{54F01C2F-A0C8-4A40-92EE-59FDE1D8A15F}.Debug|Any CPU.Build.0 = Debug|Any CPU
		{54F01C2F-A0C8-4A40-92EE-59FDE1D8A15F}.Release|Any CPU.ActiveCfg = Release|Any CPU
		{54F01C2F-A0C8-4A40-92EE-59FDE1D8A15F}.Release|Any CPU.Build.0 = Release|Any CPU
		{BA05BB40-37D9-4306-A230-22887CBC7948}.Debug|Any CPU.ActiveCfg = Debug|Any CPU
		{BA05BB40-37D9-4306-A230-22887CBC7948}.Debug|Any CPU.Build.0 = Debug|Any CPU
		{BA05BB40-37D9-4306-A230-22887CBC7948}.Release|Any CPU.ActiveCfg = Release|Any CPU
		{BA05BB40-37D9-4306-A230-22887CBC7948}.Release|Any CPU.Build.0 = Release|Any CPU
		{BF1DB190-581A-477A-979F-261F813650E3}.Debug|Any CPU.ActiveCfg = Debug|Any CPU
		{BF1DB190-581A-477A-979F-261F813650E3}.Debug|Any CPU.Build.0 = Debug|Any CPU
		{BF1DB190-581A-477A-979F-261F813650E3}.Release|Any CPU.ActiveCfg = Release|Any CPU
		{BF1DB190-581A-477A-979F-261F813650E3}.Release|Any CPU.Build.0 = Release|Any CPU
	EndGlobalSection
	GlobalSection(SolutionProperties) = preSolution
		HideSolutionNode = FALSE
	EndGlobalSection
	GlobalSection(ExtensibilityGlobals) = postSolution
		SolutionGuid = {D686A01C-7A68-4742-843F-16B1A60B2AF7}
	EndGlobalSection
EndGlobal
